
Microsoft Visual Studio Solution File, Format Version 12.00
# Visual Studio 14
VisualStudioVersion = 14.0.24720.0
MinimumVisualStudioVersion = 10.0.40219.1
Project("{2150E333-8FDC-42A3-9474-1A3956D46DE8}") = "Components", "Components", "{EABBFF4B-C84A-42B3-949B-EF989F326C2A}"
EndProject
Project("{2150E333-8FDC-42A3-9474-1A3956D46DE8}") = "Domain", "Domain", "{05610682-6523-49FB-919D-73EE21176589}"
EndProject
Project("{2150E333-8FDC-42A3-9474-1A3956D46DE8}") = "Framework", "Framework", "{6552D485-9F31-45CF-A66E-5B233C05EC95}"
EndProject
Project("{2150E333-8FDC-42A3-9474-1A3956D46DE8}") = "Project", "Project", "{344D32D8-DEA6-4C03-9F6E-78C98AE59850}"
EndProject
Project("{FAE04EC0-301F-11D3-BF4B-00C04F79EFBC}") = "Design", "www\Components\Project\Design\Design.csproj", "{7680EF61-3FA3-416C-9FA6-2D43AD6E8776}"
EndProject
Project("{FAE04EC0-301F-11D3-BF4B-00C04F79EFBC}") = "Project.PageTypes", "www\Components\Project\PageTypes\Project.PageTypes.csproj", "{F476936D-A22B-4307-9EA4-C0BC09E54DFF}"
EndProject
Project("{FAE04EC0-301F-11D3-BF4B-00C04F79EFBC}") = "Sessions", "www\Components\Domain\Sessions\Sessions.csproj", "{8670DA29-2725-44DC-8202-7D58EC3B5933}"
EndProject
Project("{FAE04EC0-301F-11D3-BF4B-00C04F79EFBC}") = "ModelResolver", "www\Components\Framework\ModelResolver\ModelResolver.csproj", "{EF0DB884-2E78-4DAC-AFB0-F80EC1A5F149}"
EndProject
Project("{FAE04EC0-301F-11D3-BF4B-00C04F79EFBC}") = "MvcFormUtil", "www\Components\Framework\MvcFormUtil\MvcFormUtil.csproj", "{89412727-4C29-414E-B6C8-13699FF0A468}"
EndProject
Project("{FAE04EC0-301F-11D3-BF4B-00C04F79EFBC}") = "Pentia.ViewRenderings", "www\Components\Domain\ViewRenderings\Pentia.ViewRenderings.csproj", "{DFD8D4C4-4CEB-434C-ADCE-3FE71825E223}"
EndProject
Project("{FAE04EC0-301F-11D3-BF4B-00C04F79EFBC}") = "ViewModelResolver", "www\Components\Framework\ViewModelResolver\ViewModelResolver.csproj", "{4E2D47D4-5DEE-40C2-9E3C-9DCF2C2868E1}"
EndProject
Global
	GlobalSection(SolutionConfigurationPlatforms) = preSolution
		Debug|Any CPU = Debug|Any CPU
		Release|Any CPU = Release|Any CPU
	EndGlobalSection
	GlobalSection(ProjectConfigurationPlatforms) = postSolution
		{7680EF61-3FA3-416C-9FA6-2D43AD6E8776}.Debug|Any CPU.ActiveCfg = Debug|Any CPU
		{7680EF61-3FA3-416C-9FA6-2D43AD6E8776}.Debug|Any CPU.Build.0 = Debug|Any CPU
		{7680EF61-3FA3-416C-9FA6-2D43AD6E8776}.Release|Any CPU.ActiveCfg = Release|Any CPU
		{7680EF61-3FA3-416C-9FA6-2D43AD6E8776}.Release|Any CPU.Build.0 = Release|Any CPU
		{F476936D-A22B-4307-9EA4-C0BC09E54DFF}.Debug|Any CPU.ActiveCfg = Debug|Any CPU
		{F476936D-A22B-4307-9EA4-C0BC09E54DFF}.Debug|Any CPU.Build.0 = Debug|Any CPU
		{F476936D-A22B-4307-9EA4-C0BC09E54DFF}.Release|Any CPU.ActiveCfg = Release|Any CPU
		{F476936D-A22B-4307-9EA4-C0BC09E54DFF}.Release|Any CPU.Build.0 = Release|Any CPU
		{8670DA29-2725-44DC-8202-7D58EC3B5933}.Debug|Any CPU.ActiveCfg = Debug|Any CPU
		{8670DA29-2725-44DC-8202-7D58EC3B5933}.Debug|Any CPU.Build.0 = Debug|Any CPU
		{8670DA29-2725-44DC-8202-7D58EC3B5933}.Release|Any CPU.ActiveCfg = Release|Any CPU
		{8670DA29-2725-44DC-8202-7D58EC3B5933}.Release|Any CPU.Build.0 = Release|Any CPU
		{EF0DB884-2E78-4DAC-AFB0-F80EC1A5F149}.Debug|Any CPU.ActiveCfg = Debug|Any CPU
		{EF0DB884-2E78-4DAC-AFB0-F80EC1A5F149}.Debug|Any CPU.Build.0 = Debug|Any CPU
		{EF0DB884-2E78-4DAC-AFB0-F80EC1A5F149}.Release|Any CPU.ActiveCfg = Release|Any CPU
		{EF0DB884-2E78-4DAC-AFB0-F80EC1A5F149}.Release|Any CPU.Build.0 = Release|Any CPU
		{89412727-4C29-414E-B6C8-13699FF0A468}.Debug|Any CPU.ActiveCfg = Debug|Any CPU
		{89412727-4C29-414E-B6C8-13699FF0A468}.Debug|Any CPU.Build.0 = Debug|Any CPU
		{89412727-4C29-414E-B6C8-13699FF0A468}.Release|Any CPU.ActiveCfg = Release|Any CPU
		{89412727-4C29-414E-B6C8-13699FF0A468}.Release|Any CPU.Build.0 = Release|Any CPU
		{DFD8D4C4-4CEB-434C-ADCE-3FE71825E223}.Debug|Any CPU.ActiveCfg = Debug|Any CPU
		{DFD8D4C4-4CEB-434C-ADCE-3FE71825E223}.Debug|Any CPU.Build.0 = Debug|Any CPU
		{DFD8D4C4-4CEB-434C-ADCE-3FE71825E223}.Release|Any CPU.ActiveCfg = Release|Any CPU
		{DFD8D4C4-4CEB-434C-ADCE-3FE71825E223}.Release|Any CPU.Build.0 = Release|Any CPU
		{4E2D47D4-5DEE-40C2-9E3C-9DCF2C2868E1}.Debug|Any CPU.ActiveCfg = Debug|Any CPU
		{4E2D47D4-5DEE-40C2-9E3C-9DCF2C2868E1}.Debug|Any CPU.Build.0 = Debug|Any CPU
		{4E2D47D4-5DEE-40C2-9E3C-9DCF2C2868E1}.Release|Any CPU.ActiveCfg = Release|Any CPU
		{4E2D47D4-5DEE-40C2-9E3C-9DCF2C2868E1}.Release|Any CPU.Build.0 = Release|Any CPU
	EndGlobalSection
	GlobalSection(SolutionProperties) = preSolution
		HideSolutionNode = FALSE
	EndGlobalSection
	GlobalSection(NestedProjects) = preSolution
		{05610682-6523-49FB-919D-73EE21176589} = {EABBFF4B-C84A-42B3-949B-EF989F326C2A}
		{6552D485-9F31-45CF-A66E-5B233C05EC95} = {EABBFF4B-C84A-42B3-949B-EF989F326C2A}
		{344D32D8-DEA6-4C03-9F6E-78C98AE59850} = {EABBFF4B-C84A-42B3-949B-EF989F326C2A}
		{7680EF61-3FA3-416C-9FA6-2D43AD6E8776} = {344D32D8-DEA6-4C03-9F6E-78C98AE59850}
		{F476936D-A22B-4307-9EA4-C0BC09E54DFF} = {344D32D8-DEA6-4C03-9F6E-78C98AE59850}
		{8670DA29-2725-44DC-8202-7D58EC3B5933} = {05610682-6523-49FB-919D-73EE21176589}
		{EF0DB884-2E78-4DAC-AFB0-F80EC1A5F149} = {6552D485-9F31-45CF-A66E-5B233C05EC95}
		{89412727-4C29-414E-B6C8-13699FF0A468} = {6552D485-9F31-45CF-A66E-5B233C05EC95}
		{DFD8D4C4-4CEB-434C-ADCE-3FE71825E223} = {05610682-6523-49FB-919D-73EE21176589}
		{4E2D47D4-5DEE-40C2-9E3C-9DCF2C2868E1} = {6552D485-9F31-45CF-A66E-5B233C05EC95}
	EndGlobalSection
EndGlobal
